<Solution>
  <Folder Name="/src/">
    <Project Path="src/Weaver.Api/Weaver.Api.csproj" />
    <Project Path="src/Weaver.Cli/Weaver.Cli.csproj" />
    <Project Path="src/Weaver.Contracts/Weaver.Contracts.csproj" />
    <Project Path="src/Weaver.Core/Weaver.Core.csproj" />
  </Folder>
  <Folder Name="/tests/">
    <Project Path="tests/Weaver.Core.Tests/Weaver.Core.Tests.csproj" />
  </Folder>
</Solution>
